
Microsoft Visual Studio Solution File, Format Version 12.00
# Visual Studio 15
VisualStudioVersion = 15.0.27428.2027
MinimumVisualStudioVersion = 10.0.40219.1
Project("{FAE04EC0-301F-11D3-BF4B-00C04F79EFBC}") = "Lab_03", "Lab_03\Lab_03.csproj", "{B1840EE9-B795-4F36-AF79-FCAD0A20A40D}"
EndProject
Project("{2150E333-8FDC-42A3-9474-1A3956D46DE8}") = "Solution Items", "Solution Items", "{8261AEB0-7BBB-425B-A869-EE61C8C1EC0B}"
	ProjectSection(SolutionItems) = preProject
		.gitignore = .gitignore
	EndProjectSection
EndProject
Global
	GlobalSection(SolutionConfigurationPlatforms) = preSolution
		Debug|Any CPU = Debug|Any CPU
		Release|Any CPU = Release|Any CPU
	EndGlobalSection
	GlobalSection(ProjectConfigurationPlatforms) = postSolution
		{B1840EE9-B795-4F36-AF79-FCAD0A20A40D}.Debug|Any CPU.ActiveCfg = Debug|Any CPU
		{B1840EE9-B795-4F36-AF79-FCAD0A20A40D}.Debug|Any CPU.Build.0 = Debug|Any CPU
		{B1840EE9-B795-4F36-AF79-FCAD0A20A40D}.Release|Any CPU.ActiveCfg = Release|Any CPU
		{B1840EE9-B795-4F36-AF79-FCAD0A20A40D}.Release|Any CPU.Build.0 = Release|Any CPU
	EndGlobalSection
	GlobalSection(SolutionProperties) = preSolution
		HideSolutionNode = FALSE
	EndGlobalSection
	GlobalSection(ExtensibilityGlobals) = postSolution
		SolutionGuid = {4064D0A2-88D4-4735-AA88-DF6CF79B8B3D}
	EndGlobalSection
EndGlobal
